
Microsoft Visual Studio Solution File, Format Version 12.00
Project("{FAE04EC0-301F-11D3-BF4B-00C04F79EFBC}") = "MyAcademy.Identity", "MyAcademy.Identity\MyAcademy.Identity.csproj", "{7459B8F7-CBC2-4D5B-8EC8-0B71832DD76D}"
EndProject
Project("{2150E333-8FDC-42A3-9474-1A3956D46DE8}") = "Services", "Services", "{7E681AB1-5CB5-46CD-AEC2-C944A0F99B1B}"
EndProject
Global
	GlobalSection(SolutionConfigurationPlatforms) = preSolution
		Debug|Any CPU = Debug|Any CPU
		Release|Any CPU = Release|Any CPU
	EndGlobalSection
	GlobalSection(ProjectConfigurationPlatforms) = postSolution
		{7459B8F7-CBC2-4D5B-8EC8-0B71832DD76D}.Debug|Any CPU.ActiveCfg = Debug|Any CPU
		{7459B8F7-CBC2-4D5B-8EC8-0B71832DD76D}.Debug|Any CPU.Build.0 = Debug|Any CPU
		{7459B8F7-CBC2-4D5B-8EC8-0B71832DD76D}.Release|Any CPU.ActiveCfg = Release|Any CPU
		{7459B8F7-CBC2-4D5B-8EC8-0B71832DD76D}.Release|Any CPU.Build.0 = Release|Any CPU
	EndGlobalSection
	GlobalSection(NestedProjects) = preSolution
		{7459B8F7-CBC2-4D5B-8EC8-0B71832DD76D} = {7E681AB1-5CB5-46CD-AEC2-C944A0F99B1B}
	EndGlobalSection
EndGlobal
